
Microsoft Visual Studio Solution File, Format Version 12.00
# Visual Studio 14
VisualStudioVersion = 14.0.24720.0
MinimumVisualStudioVersion = 10.0.40219.1
Project("{2150E333-8FDC-42A3-9474-1A3956D46DE8}") = "Service", "Service", "{827BCBA5-8CB6-4A18-95DB-ED529CB0E7F1}"
EndProject
Project("{FAE04EC0-301F-11D3-BF4B-00C04F79EFBC}") = "Hayaa.DistributedConfigService", "Hayaa.DistributedConfigService\Hayaa.DistributedConfigService.csproj", "{85C37F33-D16B-4174-B7DB-8EBFB70EB941}"
EndProject
Project("{FAE04EC0-301F-11D3-BF4B-00C04F79EFBC}") = "Hayaa.DistributedConfigService.Interface", "Hayaa.DistributedConfigService.Interface\Hayaa.DistributedConfigService.Interface.csproj", "{FEB6B2AF-C797-454D-981F-E6C7D1E3E41D}"
EndProject
Global
	GlobalSection(SolutionConfigurationPlatforms) = preSolution
		Debug|Any CPU = Debug|Any CPU
		Release|Any CPU = Release|Any CPU
	EndGlobalSection
	GlobalSection(ProjectConfigurationPlatforms) = postSolution
		{85C37F33-D16B-4174-B7DB-8EBFB70EB941}.Debug|Any CPU.ActiveCfg = Debug|Any CPU
		{85C37F33-D16B-4174-B7DB-8EBFB70EB941}.Debug|Any CPU.Build.0 = Debug|Any CPU
		{85C37F33-D16B-4174-B7DB-8EBFB70EB941}.Release|Any CPU.ActiveCfg = Release|Any CPU
		{85C37F33-D16B-4174-B7DB-8EBFB70EB941}.Release|Any CPU.Build.0 = Release|Any CPU
		{FEB6B2AF-C797-454D-981F-E6C7D1E3E41D}.Debug|Any CPU.ActiveCfg = Debug|Any CPU
		{FEB6B2AF-C797-454D-981F-E6C7D1E3E41D}.Debug|Any CPU.Build.0 = Debug|Any CPU
		{FEB6B2AF-C797-454D-981F-E6C7D1E3E41D}.Release|Any CPU.ActiveCfg = Release|Any CPU
		{FEB6B2AF-C797-454D-981F-E6C7D1E3E41D}.Release|Any CPU.Build.0 = Release|Any CPU
	EndGlobalSection
	GlobalSection(SolutionProperties) = preSolution
		HideSolutionNode = FALSE
	EndGlobalSection
	GlobalSection(NestedProjects) = preSolution
		{85C37F33-D16B-4174-B7DB-8EBFB70EB941} = {827BCBA5-8CB6-4A18-95DB-ED529CB0E7F1}
		{FEB6B2AF-C797-454D-981F-E6C7D1E3E41D} = {827BCBA5-8CB6-4A18-95DB-ED529CB0E7F1}
	EndGlobalSection
EndGlobal
